
Microsoft Visual Studio Solution File, Format Version 12.00
# Visual Studio Version 16
VisualStudioVersion = 16.0.30907.101
MinimumVisualStudioVersion = 10.0.40219.1
Project("{FAE04EC0-301F-11D3-BF4B-00C04F79EFBC}") = "Entities", "Entities\Entities.csproj", "{0D1A4BE3-62E9-45A9-945C-45B97B7F960C}"
EndProject
Project("{FAE04EC0-301F-11D3-BF4B-00C04F79EFBC}") = "ConsoleUI", "ConsoleUI\ConsoleUI.csproj", "{B3F54398-493A-46C8-A91A-BD4E8DFA4C58}"
EndProject
Project("{FAE04EC0-301F-11D3-BF4B-00C04F79EFBC}") = "DataAccess", "DataAccess\DataAccess.csproj", "{12A4E6D1-20EF-497F-801A-8E2CC8B9113E}"
EndProject
Project("{FAE04EC0-301F-11D3-BF4B-00C04F79EFBC}") = "Business", "Business\Business.csproj", "{BB442B59-A122-4B63-A652-A187681D8A0A}"
EndProject
Global
	GlobalSection(SolutionConfigurationPlatforms) = preSolution
		Debug|Any CPU = Debug|Any CPU
		Release|Any CPU = Release|Any CPU
	EndGlobalSection
	GlobalSection(ProjectConfigurationPlatforms) = postSolution
		{0D1A4BE3-62E9-45A9-945C-45B97B7F960C}.Debug|Any CPU.ActiveCfg = Debug|Any CPU
		{0D1A4BE3-62E9-45A9-945C-45B97B7F960C}.Debug|Any CPU.Build.0 = Debug|Any CPU
		{0D1A4BE3-62E9-45A9-945C-45B97B7F960C}.Release|Any CPU.ActiveCfg = Release|Any CPU
		{0D1A4BE3-62E9-45A9-945C-45B97B7F960C}.Release|Any CPU.Build.0 = Release|Any CPU
		{B3F54398-493A-46C8-A91A-BD4E8DFA4C58}.Debug|Any CPU.ActiveCfg = Debug|Any CPU
		{B3F54398-493A-46C8-A91A-BD4E8DFA4C58}.Debug|Any CPU.Build.0 = Debug|Any CPU
		{B3F54398-493A-46C8-A91A-BD4E8DFA4C58}.Release|Any CPU.ActiveCfg = Release|Any CPU
		{B3F54398-493A-46C8-A91A-BD4E8DFA4C58}.Release|Any CPU.Build.0 = Release|Any CPU
		{12A4E6D1-20EF-497F-801A-8E2CC8B9113E}.Debug|Any CPU.ActiveCfg = Debug|Any CPU
		{12A4E6D1-20EF-497F-801A-8E2CC8B9113E}.Debug|Any CPU.Build.0 = Debug|Any CPU
		{12A4E6D1-20EF-497F-801A-8E2CC8B9113E}.Release|Any CPU.ActiveCfg = Release|Any CPU
		{12A4E6D1-20EF-497F-801A-8E2CC8B9113E}.Release|Any CPU.Build.0 = Release|Any CPU
		{BB442B59-A122-4B63-A652-A187681D8A0A}.Debug|Any CPU.ActiveCfg = Debug|Any CPU
		{BB442B59-A122-4B63-A652-A187681D8A0A}.Debug|Any CPU.Build.0 = Debug|Any CPU
		{BB442B59-A122-4B63-A652-A187681D8A0A}.Release|Any CPU.ActiveCfg = Release|Any CPU
		{BB442B59-A122-4B63-A652-A187681D8A0A}.Release|Any CPU.Build.0 = Release|Any CPU
	EndGlobalSection
	GlobalSection(SolutionProperties) = preSolution
		HideSolutionNode = FALSE
	EndGlobalSection
	GlobalSection(ExtensibilityGlobals) = postSolution
		SolutionGuid = {A8F97C41-3F37-4BF6-BF6A-209E1B83D962}
	EndGlobalSection
EndGlobal
